{
    "version": 3,
    "terraform_version": "0.11.7",
    "serial": 1,
    "lineage": "1fd1f734-affe-8222-c18f-91c7e0e384d4",
    "modules": [
        {
            "path": [
                "root"
            ],
            "outputs": {
                "": {
                    "sensitive": false,
                    "type": "string",
                    "value": "= = =The firewalls may take up to 5 minutes to finish deploying.  You can proceed with additional steps once you can access the GUI= = = ="
                },
                "a) USERNAME    ": {
                    "sensitive": false,
                    "type": "string",
                    "value": "paloalto"
                },
                "b) PASSWORD    ": {
                    "sensitive": false,
                    "type": "string",
                    "value": "PanPassword123!"
                },
                "c) IP FW1 MGMT ": {
                    "sensitive": false,
                    "type": "string",
                    "value": "10.0.0.4"
                },
                "d) IP FW2 MGMT ": {
                    "sensitive": false,
                    "type": "string",
                    "value": "10.0.0.5"
                },
                "e) PUBLIC LB IP": {
                    "sensitive": false,
                    "type": "string",
                    "value": "51.105.176.49"
                },
                "f) EGRESS LB IP": {
                    "sensitive": false,
                    "type": "string",
                    "value": "10.0.3.100"
                }
            },
            "resources": {
                "azurerm_availability_set.fwavset": {
                    "type": "azurerm_availability_set",
                    "depends_on": [
                        "azurerm_resource_group.rg"
                    ],
                    "primary": {
                        "id": "/subscriptions/954c5e98-51c5-4327-869c-863c1561a795/resourceGroups/dstanic-dev-test-latest/providers/Microsoft.Compute/availabilitySets/FW-AV-Set",
                        "attributes": {
                            "id": "/subscriptions/954c5e98-51c5-4327-869c-863c1561a795/resourceGroups/dstanic-dev-test-latest/providers/Microsoft.Compute/availabilitySets/FW-AV-Set",
                            "location": "westeurope",
                            "managed": "true",
                            "name": "FW-AV-Set",
                            "platform_fault_domain_count": "2",
                            "platform_update_domain_count": "5",
                            "resource_group_name": "dstanic-dev-test-latest",
                            "tags.%": "0"
                        },
                        "meta": {},
                        "tainted": false
                    },
                    "deposed": [],
                    "provider": "provider.azurerm"
                },
                "azurerm_lb.egresslb": {
                    "type": "azurerm_lb",
                    "depends_on": [
                        "azurerm_resource_group.rg",
                        "azurerm_subnet.lb-subnet"
                    ],
                    "primary": {
                        "id": "/subscriptions/954c5e98-51c5-4327-869c-863c1561a795/resourceGroups/dstanic-dev-test-latest/providers/Microsoft.Network/loadBalancers/Internal-LB",
                        "attributes": {
                            "frontend_ip_configuration.#": "1",
                            "frontend_ip_configuration.0.inbound_nat_rules.#": "0",
                            "frontend_ip_configuration.0.load_balancer_rules.#": "0",
                            "frontend_ip_configuration.0.name": "egress-lb-frontend-ip",
                            "frontend_ip_configuration.0.outbound_rules.#": "0",
                            "frontend_ip_configuration.0.private_ip_address": "10.0.3.100",
                            "frontend_ip_configuration.0.private_ip_address_allocation": "Static",
                            "frontend_ip_configuration.0.public_ip_address_id": "",
                            "frontend_ip_configuration.0.subnet_id": "/subscriptions/954c5e98-51c5-4327-869c-863c1561a795/resourceGroups/dstanic-dev-test-latest/providers/Microsoft.Network/virtualNetworks/Hub-VNET/subnets/lb-subnet",
                            "frontend_ip_configuration.0.zones.#": "0",
                            "id": "/subscriptions/954c5e98-51c5-4327-869c-863c1561a795/resourceGroups/dstanic-dev-test-latest/providers/Microsoft.Network/loadBalancers/Internal-LB",
                            "location": "westeurope",
                            "name": "Internal-LB",
                            "private_ip_address": "10.0.3.100",
                            "private_ip_addresses.#": "1",
                            "private_ip_addresses.0": "10.0.3.100",
                            "resource_group_name": "dstanic-dev-test-latest",
                            "sku": "Standard",
                            "tags.%": "0"
                        },
                        "meta": {},
                        "tainted": false
                    },
                    "deposed": [],
                    "provider": "provider.azurerm"
                },
                "azurerm_lb.publiclb": {
                    "type": "azurerm_lb",
                    "depends_on": [
                        "azurerm_public_ip.publiclbpip",
                        "azurerm_resource_group.rg"
                    ],
                    "primary": {
                        "id": "/subscriptions/954c5e98-51c5-4327-869c-863c1561a795/resourceGroups/dstanic-dev-test-latest/providers/Microsoft.Network/loadBalancers/Public-LB",
                        "attributes": {
                            "frontend_ip_configuration.#": "1",
                            "frontend_ip_configuration.0.inbound_nat_rules.#": "0",
                            "frontend_ip_configuration.0.load_balancer_rules.#": "0",
                            "frontend_ip_configuration.0.name": "public-lb-frontend-ip",
                            "frontend_ip_configuration.0.outbound_rules.#": "0",
                            "frontend_ip_configuration.0.private_ip_address": "",
                            "frontend_ip_configuration.0.private_ip_address_allocation": "Dynamic",
                            "frontend_ip_configuration.0.public_ip_address_id": "/subscriptions/954c5e98-51c5-4327-869c-863c1561a795/resourceGroups/dstanic-dev-test-latest/providers/Microsoft.Network/publicIPAddresses/Public-LB",
                            "frontend_ip_configuration.0.subnet_id": "",
                            "frontend_ip_configuration.0.zones.#": "0",
                            "id": "/subscriptions/954c5e98-51c5-4327-869c-863c1561a795/resourceGroups/dstanic-dev-test-latest/providers/Microsoft.Network/loadBalancers/Public-LB",
                            "location": "westeurope",
                            "name": "Public-LB",
                            "private_ip_address": "",
                            "private_ip_addresses.#": "0",
                            "resource_group_name": "dstanic-dev-test-latest",
                            "sku": "Standard",
                            "tags.%": "0"
                        },
                        "meta": {},
                        "tainted": false
                    },
                    "deposed": [],
                    "provider": "provider.azurerm"
                },
                "azurerm_lb_backend_address_pool.egresslbbackend": {
                    "type": "azurerm_lb_backend_address_pool",
                    "depends_on": [
                        "azurerm_lb.egresslb",
                        "azurerm_resource_group.rg"
                    ],
                    "primary": {
                        "id": "/subscriptions/954c5e98-51c5-4327-869c-863c1561a795/resourceGroups/dstanic-dev-test-latest/providers/Microsoft.Network/loadBalancers/Internal-LB/backendAddressPools/fw-trust-backend-pool",
                        "attributes": {
                            "backend_ip_configurations.#": "0",
                            "id": "/subscriptions/954c5e98-51c5-4327-869c-863c1561a795/resourceGroups/dstanic-dev-test-latest/providers/Microsoft.Network/loadBalancers/Internal-LB/backendAddressPools/fw-trust-backend-pool",
                            "load_balancing_rules.#": "0",
                            "loadbalancer_id": "/subscriptions/954c5e98-51c5-4327-869c-863c1561a795/resourceGroups/dstanic-dev-test-latest/providers/Microsoft.Network/loadBalancers/Internal-LB",
                            "name": "fw-trust-backend-pool",
                            "resource_group_name": "dstanic-dev-test-latest"
                        },
                        "meta": {},
                        "tainted": false
                    },
                    "deposed": [],
                    "provider": "provider.azurerm"
                },
                "azurerm_lb_backend_address_pool.publiclbbackend": {
                    "type": "azurerm_lb_backend_address_pool",
                    "depends_on": [
                        "azurerm_lb.publiclb",
                        "azurerm_resource_group.rg"
                    ],
                    "primary": {
                        "id": "/subscriptions/954c5e98-51c5-4327-869c-863c1561a795/resourceGroups/dstanic-dev-test-latest/providers/Microsoft.Network/loadBalancers/Public-LB/backendAddressPools/fw-untrust-backend-pool",
                        "attributes": {
                            "backend_ip_configurations.#": "0",
                            "id": "/subscriptions/954c5e98-51c5-4327-869c-863c1561a795/resourceGroups/dstanic-dev-test-latest/providers/Microsoft.Network/loadBalancers/Public-LB/backendAddressPools/fw-untrust-backend-pool",
                            "load_balancing_rules.#": "0",
                            "loadbalancer_id": "/subscriptions/954c5e98-51c5-4327-869c-863c1561a795/resourceGroups/dstanic-dev-test-latest/providers/Microsoft.Network/loadBalancers/Public-LB",
                            "name": "fw-untrust-backend-pool",
                            "resource_group_name": "dstanic-dev-test-latest"
                        },
                        "meta": {},
                        "tainted": false
                    },
                    "deposed": [],
                    "provider": "provider.azurerm"
                },
                "azurerm_lb_probe.egresslbprobe": {
                    "type": "azurerm_lb_probe",
                    "depends_on": [
                        "azurerm_lb.egresslb",
                        "azurerm_resource_group.rg"
                    ],
                    "primary": {
                        "id": "/subscriptions/954c5e98-51c5-4327-869c-863c1561a795/resourceGroups/dstanic-dev-test-latest/providers/Microsoft.Network/loadBalancers/Internal-LB/probes/tcp-probe-22",
                        "attributes": {
                            "id": "/subscriptions/954c5e98-51c5-4327-869c-863c1561a795/resourceGroups/dstanic-dev-test-latest/providers/Microsoft.Network/loadBalancers/Internal-LB/probes/tcp-probe-22",
                            "interval_in_seconds": "15",
                            "load_balancer_rules.#": "0",
                            "loadbalancer_id": "/subscriptions/954c5e98-51c5-4327-869c-863c1561a795/resourceGroups/dstanic-dev-test-latest/providers/Microsoft.Network/loadBalancers/Internal-LB",
                            "name": "tcp-probe-22",
                            "number_of_probes": "2",
                            "port": "22",
                            "protocol": "Tcp",
                            "request_path": "",
                            "resource_group_name": "dstanic-dev-test-latest"
                        },
                        "meta": {},
                        "tainted": false
                    },
                    "deposed": [],
                    "provider": "provider.azurerm"
                },
                "azurerm_lb_probe.publiclbprobe": {
                    "type": "azurerm_lb_probe",
                    "depends_on": [
                        "azurerm_lb.publiclb",
                        "azurerm_resource_group.rg"
                    ],
                    "primary": {
                        "id": "/subscriptions/954c5e98-51c5-4327-869c-863c1561a795/resourceGroups/dstanic-dev-test-latest/providers/Microsoft.Network/loadBalancers/Public-LB/probes/tcp-probe-22",
                        "attributes": {
                            "id": "/subscriptions/954c5e98-51c5-4327-869c-863c1561a795/resourceGroups/dstanic-dev-test-latest/providers/Microsoft.Network/loadBalancers/Public-LB/probes/tcp-probe-22",
                            "interval_in_seconds": "15",
                            "load_balancer_rules.#": "0",
                            "loadbalancer_id": "/subscriptions/954c5e98-51c5-4327-869c-863c1561a795/resourceGroups/dstanic-dev-test-latest/providers/Microsoft.Network/loadBalancers/Public-LB",
                            "name": "tcp-probe-22",
                            "number_of_probes": "2",
                            "port": "22",
                            "protocol": "Tcp",
                            "request_path": "",
                            "resource_group_name": "dstanic-dev-test-latest"
                        },
                        "meta": {},
                        "tainted": false
                    },
                    "deposed": [],
                    "provider": "provider.azurerm"
                },
                "azurerm_lb_rule.egresslbrule": {
                    "type": "azurerm_lb_rule",
                    "depends_on": [
                        "azurerm_lb.egresslb",
                        "azurerm_lb_backend_address_pool.egresslbbackend",
                        "azurerm_lb_probe.egresslbprobe",
                        "azurerm_resource_group.rg"
                    ],
                    "primary": {
                        "id": "/subscriptions/954c5e98-51c5-4327-869c-863c1561a795/resourceGroups/dstanic-dev-test-latest/providers/Microsoft.Network/loadBalancers/Internal-LB/loadBalancingRules/allow-all",
                        "attributes": {
                            "backend_address_pool_id": "/subscriptions/954c5e98-51c5-4327-869c-863c1561a795/resourceGroups/dstanic-dev-test-latest/providers/Microsoft.Network/loadBalancers/Internal-LB/backendAddressPools/fw-trust-backend-pool",
                            "backend_port": "0",
                            "enable_floating_ip": "true",
                            "frontend_ip_configuration_id": "/subscriptions/954c5e98-51c5-4327-869c-863c1561a795/resourceGroups/dstanic-dev-test-latest/providers/Microsoft.Network/loadBalancers/Internal-LB/frontendIPConfigurations/egress-lb-frontend-ip",
                            "frontend_ip_configuration_name": "egress-lb-frontend-ip",
                            "frontend_port": "0",
                            "id": "/subscriptions/954c5e98-51c5-4327-869c-863c1561a795/resourceGroups/dstanic-dev-test-latest/providers/Microsoft.Network/loadBalancers/Internal-LB/loadBalancingRules/allow-all",
                            "idle_timeout_in_minutes": "4",
                            "load_distribution": "Default",
                            "loadbalancer_id": "/subscriptions/954c5e98-51c5-4327-869c-863c1561a795/resourceGroups/dstanic-dev-test-latest/providers/Microsoft.Network/loadBalancers/Internal-LB",
                            "name": "allow-all",
                            "probe_id": "/subscriptions/954c5e98-51c5-4327-869c-863c1561a795/resourceGroups/dstanic-dev-test-latest/providers/Microsoft.Network/loadBalancers/Internal-LB/probes/tcp-probe-22",
                            "protocol": "All",
                            "resource_group_name": "dstanic-dev-test-latest"
                        },
                        "meta": {},
                        "tainted": false
                    },
                    "deposed": [],
                    "provider": "provider.azurerm"
                },
                "azurerm_lb_rule.publiclbrule1": {
                    "type": "azurerm_lb_rule",
                    "depends_on": [
                        "azurerm_lb.publiclb",
                        "azurerm_lb_backend_address_pool.publiclbbackend",
                        "azurerm_lb_probe.publiclbprobe",
                        "azurerm_resource_group.rg"
                    ],
                    "primary": {
                        "id": "/subscriptions/954c5e98-51c5-4327-869c-863c1561a795/resourceGroups/dstanic-dev-test-latest/providers/Microsoft.Network/loadBalancers/Public-LB/loadBalancingRules/allow-tcp-80",
                        "attributes": {
                            "backend_address_pool_id": "/subscriptions/954c5e98-51c5-4327-869c-863c1561a795/resourceGroups/dstanic-dev-test-latest/providers/Microsoft.Network/loadBalancers/Public-LB/backendAddressPools/fw-untrust-backend-pool",
                            "backend_port": "80",
                            "enable_floating_ip": "false",
                            "frontend_ip_configuration_id": "/subscriptions/954c5e98-51c5-4327-869c-863c1561a795/resourceGroups/dstanic-dev-test-latest/providers/Microsoft.Network/loadBalancers/Public-LB/frontendIPConfigurations/public-lb-frontend-ip",
                            "frontend_ip_configuration_name": "public-lb-frontend-ip",
                            "frontend_port": "80",
                            "id": "/subscriptions/954c5e98-51c5-4327-869c-863c1561a795/resourceGroups/dstanic-dev-test-latest/providers/Microsoft.Network/loadBalancers/Public-LB/loadBalancingRules/allow-tcp-80",
                            "idle_timeout_in_minutes": "4",
                            "load_distribution": "Default",
                            "loadbalancer_id": "/subscriptions/954c5e98-51c5-4327-869c-863c1561a795/resourceGroups/dstanic-dev-test-latest/providers/Microsoft.Network/loadBalancers/Public-LB",
                            "name": "allow-tcp-80",
                            "probe_id": "/subscriptions/954c5e98-51c5-4327-869c-863c1561a795/resourceGroups/dstanic-dev-test-latest/providers/Microsoft.Network/loadBalancers/Public-LB/probes/tcp-probe-22",
                            "protocol": "Tcp",
                            "resource_group_name": "dstanic-dev-test-latest"
                        },
                        "meta": {},
                        "tainted": false
                    },
                    "deposed": [],
                    "provider": "provider.azurerm"
                },
                "azurerm_lb_rule.publiclbrule2": {
                    "type": "azurerm_lb_rule",
                    "depends_on": [
                        "azurerm_lb.publiclb",
                        "azurerm_lb_backend_address_pool.publiclbbackend",
                        "azurerm_lb_probe.publiclbprobe",
                        "azurerm_resource_group.rg"
                    ],
                    "primary": {
                        "id": "/subscriptions/954c5e98-51c5-4327-869c-863c1561a795/resourceGroups/dstanic-dev-test-latest/providers/Microsoft.Network/loadBalancers/Public-LB/loadBalancingRules/allow-tcp-22",
                        "attributes": {
                            "backend_address_pool_id": "/subscriptions/954c5e98-51c5-4327-869c-863c1561a795/resourceGroups/dstanic-dev-test-latest/providers/Microsoft.Network/loadBalancers/Public-LB/backendAddressPools/fw-untrust-backend-pool",
                            "backend_port": "22",
                            "enable_floating_ip": "false",
                            "frontend_ip_configuration_id": "/subscriptions/954c5e98-51c5-4327-869c-863c1561a795/resourceGroups/dstanic-dev-test-latest/providers/Microsoft.Network/loadBalancers/Public-LB/frontendIPConfigurations/public-lb-frontend-ip",
                            "frontend_ip_configuration_name": "public-lb-frontend-ip",
                            "frontend_port": "22",
                            "id": "/subscriptions/954c5e98-51c5-4327-869c-863c1561a795/resourceGroups/dstanic-dev-test-latest/providers/Microsoft.Network/loadBalancers/Public-LB/loadBalancingRules/allow-tcp-22",
                            "idle_timeout_in_minutes": "4",
                            "load_distribution": "Default",
                            "loadbalancer_id": "/subscriptions/954c5e98-51c5-4327-869c-863c1561a795/resourceGroups/dstanic-dev-test-latest/providers/Microsoft.Network/loadBalancers/Public-LB",
                            "name": "allow-tcp-22",
                            "probe_id": "/subscriptions/954c5e98-51c5-4327-869c-863c1561a795/resourceGroups/dstanic-dev-test-latest/providers/Microsoft.Network/loadBalancers/Public-LB/probes/tcp-probe-22",
                            "protocol": "Tcp",
                            "resource_group_name": "dstanic-dev-test-latest"
                        },
                        "meta": {},
                        "tainted": false
                    },
                    "deposed": [],
                    "provider": "provider.azurerm"
                },
                "azurerm_network_interface.fw1nic0": {
                    "type": "azurerm_network_interface",
                    "depends_on": [
                        "azurerm_network_security_group.sg",
                        "azurerm_public_ip.fw1nic0pip",
                        "azurerm_resource_group.rg",
                        "azurerm_subnet.fw-management"
                    ],
                    "primary": {
                        "id": "/subscriptions/954c5e98-51c5-4327-869c-863c1561a795/resourceGroups/dstanic-dev-test-latest/providers/Microsoft.Network/networkInterfaces/fw1-mgmt-nic",
                        "attributes": {
                            "applied_dns_servers.#": "0",
                            "dns_servers.#": "0",
                            "enable_accelerated_networking": "false",
                            "enable_ip_forwarding": "false",
                            "id": "/subscriptions/954c5e98-51c5-4327-869c-863c1561a795/resourceGroups/dstanic-dev-test-latest/providers/Microsoft.Network/networkInterfaces/fw1-mgmt-nic",
                            "internal_dns_name_label": "",
                            "internal_fqdn": "",
                            "ip_configuration.#": "1",
                            "ip_configuration.0.application_gateway_backend_address_pools_ids.#": "0",
                            "ip_configuration.0.application_security_group_ids.#": "0",
                            "ip_configuration.0.load_balancer_backend_address_pools_ids.#": "0",
                            "ip_configuration.0.load_balancer_inbound_nat_rules_ids.#": "0",
                            "ip_configuration.0.name": "ipconfig1",
                            "ip_configuration.0.primary": "true",
                            "ip_configuration.0.private_ip_address": "10.0.0.4",
                            "ip_configuration.0.private_ip_address_allocation": "static",
                            "ip_configuration.0.private_ip_address_version": "IPv4",
                            "ip_configuration.0.public_ip_address_id": "/subscriptions/954c5e98-51c5-4327-869c-863c1561a795/resourceGroups/dstanic-dev-test-latest/providers/Microsoft.Network/publicIPAddresses/fw1-mgmt-pip",
                            "ip_configuration.0.subnet_id": "/subscriptions/954c5e98-51c5-4327-869c-863c1561a795/resourceGroups/dstanic-dev-test-latest/providers/Microsoft.Network/virtualNetworks/Hub-VNET/subnets/fw-management",
                            "location": "westeurope",
                            "mac_address": "",
                            "name": "fw1-mgmt-nic",
                            "network_security_group_id": "/subscriptions/954c5e98-51c5-4327-869c-863c1561a795/resourceGroups/dstanic-dev-test-latest/providers/Microsoft.Network/networkSecurityGroups/allow-all-security-group",
                            "private_ip_address": "10.0.0.4",
                            "private_ip_addresses.#": "1",
                            "private_ip_addresses.0": "10.0.0.4",
                            "resource_group_name": "dstanic-dev-test-latest",
                            "tags.%": "0"
                        },
                        "meta": {},
                        "tainted": false
                    },
                    "deposed": [],
                    "provider": "provider.azurerm"
                },
                "azurerm_network_interface.fw1nic1": {
                    "type": "azurerm_network_interface",
                    "depends_on": [
                        "azurerm_lb_backend_address_pool.publiclbbackend",
                        "azurerm_network_security_group.sg",
                        "azurerm_public_ip.fw1nic1pip",
                        "azurerm_resource_group.rg",
                        "azurerm_subnet.untrust"
                    ],
                    "primary": {
                        "id": "/subscriptions/954c5e98-51c5-4327-869c-863c1561a795/resourceGroups/dstanic-dev-test-latest/providers/Microsoft.Network/networkInterfaces/fw1-untrust-nic",
                        "attributes": {
                            "applied_dns_servers.#": "0",
                            "dns_servers.#": "0",
                            "enable_accelerated_networking": "false",
                            "enable_ip_forwarding": "true",
                            "id": "/subscriptions/954c5e98-51c5-4327-869c-863c1561a795/resourceGroups/dstanic-dev-test-latest/providers/Microsoft.Network/networkInterfaces/fw1-untrust-nic",
                            "internal_dns_name_label": "",
                            "internal_fqdn": "",
                            "ip_configuration.#": "1",
                            "ip_configuration.0.application_gateway_backend_address_pools_ids.#": "0",
                            "ip_configuration.0.application_security_group_ids.#": "0",
                            "ip_configuration.0.load_balancer_backend_address_pools_ids.#": "1",
                            "ip_configuration.0.load_balancer_backend_address_pools_ids.749718858": "/subscriptions/954c5e98-51c5-4327-869c-863c1561a795/resourceGroups/dstanic-dev-test-latest/providers/Microsoft.Network/loadBalancers/Public-LB/backendAddressPools/fw-untrust-backend-pool",
                            "ip_configuration.0.load_balancer_inbound_nat_rules_ids.#": "0",
                            "ip_configuration.0.name": "ipconfig1",
                            "ip_configuration.0.primary": "true",
                            "ip_configuration.0.private_ip_address": "10.0.1.4",
                            "ip_configuration.0.private_ip_address_allocation": "static",
                            "ip_configuration.0.private_ip_address_version": "IPv4",
                            "ip_configuration.0.public_ip_address_id": "/subscriptions/954c5e98-51c5-4327-869c-863c1561a795/resourceGroups/dstanic-dev-test-latest/providers/Microsoft.Network/publicIPAddresses/fw1-untrust-pip",
                            "ip_configuration.0.subnet_id": "/subscriptions/954c5e98-51c5-4327-869c-863c1561a795/resourceGroups/dstanic-dev-test-latest/providers/Microsoft.Network/virtualNetworks/Hub-VNET/subnets/untrust",
                            "location": "westeurope",
                            "mac_address": "",
                            "name": "fw1-untrust-nic",
                            "network_security_group_id": "/subscriptions/954c5e98-51c5-4327-869c-863c1561a795/resourceGroups/dstanic-dev-test-latest/providers/Microsoft.Network/networkSecurityGroups/allow-all-security-group",
                            "private_ip_address": "10.0.1.4",
                            "private_ip_addresses.#": "1",
                            "private_ip_addresses.0": "10.0.1.4",
                            "resource_group_name": "dstanic-dev-test-latest",
                            "tags.%": "0"
                        },
                        "meta": {},
                        "tainted": false
                    },
                    "deposed": [],
                    "provider": "provider.azurerm"
                },
                "azurerm_network_interface.fw1nic2": {
                    "type": "azurerm_network_interface",
                    "depends_on": [
                        "azurerm_lb_backend_address_pool.egresslbbackend",
                        "azurerm_network_security_group.sg",
                        "azurerm_resource_group.rg",
                        "azurerm_subnet.trust"
                    ],
                    "primary": {
                        "id": "/subscriptions/954c5e98-51c5-4327-869c-863c1561a795/resourceGroups/dstanic-dev-test-latest/providers/Microsoft.Network/networkInterfaces/fw1-trust-nic",
                        "attributes": {
                            "applied_dns_servers.#": "0",
                            "dns_servers.#": "0",
                            "enable_accelerated_networking": "false",
                            "enable_ip_forwarding": "true",
                            "id": "/subscriptions/954c5e98-51c5-4327-869c-863c1561a795/resourceGroups/dstanic-dev-test-latest/providers/Microsoft.Network/networkInterfaces/fw1-trust-nic",
                            "internal_dns_name_label": "",
                            "internal_fqdn": "",
                            "ip_configuration.#": "1",
                            "ip_configuration.0.application_gateway_backend_address_pools_ids.#": "0",
                            "ip_configuration.0.application_security_group_ids.#": "0",
                            "ip_configuration.0.load_balancer_backend_address_pools_ids.#": "1",
                            "ip_configuration.0.load_balancer_backend_address_pools_ids.2948158890": "/subscriptions/954c5e98-51c5-4327-869c-863c1561a795/resourceGroups/dstanic-dev-test-latest/providers/Microsoft.Network/loadBalancers/Internal-LB/backendAddressPools/fw-trust-backend-pool",
                            "ip_configuration.0.load_balancer_inbound_nat_rules_ids.#": "0",
                            "ip_configuration.0.name": "ipconfig1",
                            "ip_configuration.0.primary": "true",
                            "ip_configuration.0.private_ip_address": "10.0.2.4",
                            "ip_configuration.0.private_ip_address_allocation": "static",
                            "ip_configuration.0.private_ip_address_version": "IPv4",
                            "ip_configuration.0.public_ip_address_id": "",
                            "ip_configuration.0.subnet_id": "/subscriptions/954c5e98-51c5-4327-869c-863c1561a795/resourceGroups/dstanic-dev-test-latest/providers/Microsoft.Network/virtualNetworks/Hub-VNET/subnets/trust",
                            "location": "westeurope",
                            "mac_address": "",
                            "name": "fw1-trust-nic",
                            "network_security_group_id": "/subscriptions/954c5e98-51c5-4327-869c-863c1561a795/resourceGroups/dstanic-dev-test-latest/providers/Microsoft.Network/networkSecurityGroups/allow-all-security-group",
                            "private_ip_address": "10.0.2.4",
                            "private_ip_addresses.#": "1",
                            "private_ip_addresses.0": "10.0.2.4",
                            "resource_group_name": "dstanic-dev-test-latest",
                            "tags.%": "0"
                        },
                        "meta": {},
                        "tainted": false
                    },
                    "deposed": [],
                    "provider": "provider.azurerm"
                },
                "azurerm_network_interface.fw2nic0": {
                    "type": "azurerm_network_interface",
                    "depends_on": [
                        "azurerm_network_security_group.sg",
                        "azurerm_public_ip.fw2nic0pip",
                        "azurerm_resource_group.rg",
                        "azurerm_subnet.fw-management"
                    ],
                    "primary": {
                        "id": "/subscriptions/954c5e98-51c5-4327-869c-863c1561a795/resourceGroups/dstanic-dev-test-latest/providers/Microsoft.Network/networkInterfaces/fw2-mgmt-nic",
                        "attributes": {
                            "applied_dns_servers.#": "0",
                            "dns_servers.#": "0",
                            "enable_accelerated_networking": "false",
                            "enable_ip_forwarding": "false",
                            "id": "/subscriptions/954c5e98-51c5-4327-869c-863c1561a795/resourceGroups/dstanic-dev-test-latest/providers/Microsoft.Network/networkInterfaces/fw2-mgmt-nic",
                            "internal_dns_name_label": "",
                            "internal_fqdn": "",
                            "ip_configuration.#": "1",
                            "ip_configuration.0.application_gateway_backend_address_pools_ids.#": "0",
                            "ip_configuration.0.application_security_group_ids.#": "0",
                            "ip_configuration.0.load_balancer_backend_address_pools_ids.#": "0",
                            "ip_configuration.0.load_balancer_inbound_nat_rules_ids.#": "0",
                            "ip_configuration.0.name": "ipconfig1",
                            "ip_configuration.0.primary": "true",
                            "ip_configuration.0.private_ip_address": "10.0.0.5",
                            "ip_configuration.0.private_ip_address_allocation": "static",
                            "ip_configuration.0.private_ip_address_version": "IPv4",
                            "ip_configuration.0.public_ip_address_id": "/subscriptions/954c5e98-51c5-4327-869c-863c1561a795/resourceGroups/dstanic-dev-test-latest/providers/Microsoft.Network/publicIPAddresses/fw2-mgmt-pip",
                            "ip_configuration.0.subnet_id": "/subscriptions/954c5e98-51c5-4327-869c-863c1561a795/resourceGroups/dstanic-dev-test-latest/providers/Microsoft.Network/virtualNetworks/Hub-VNET/subnets/fw-management",
                            "location": "westeurope",
                            "mac_address": "",
                            "name": "fw2-mgmt-nic",
                            "network_security_group_id": "/subscriptions/954c5e98-51c5-4327-869c-863c1561a795/resourceGroups/dstanic-dev-test-latest/providers/Microsoft.Network/networkSecurityGroups/allow-all-security-group",
                            "private_ip_address": "10.0.0.5",
                            "private_ip_addresses.#": "1",
                            "private_ip_addresses.0": "10.0.0.5",
                            "resource_group_name": "dstanic-dev-test-latest",
                            "tags.%": "0"
                        },
                        "meta": {},
                        "tainted": false
                    },
                    "deposed": [],
                    "provider": "provider.azurerm"
                },
                "azurerm_network_interface.fw2nic1": {
                    "type": "azurerm_network_interface",
                    "depends_on": [
                        "azurerm_lb_backend_address_pool.publiclbbackend",
                        "azurerm_network_security_group.sg",
                        "azurerm_public_ip.fw2nic1pip",
                        "azurerm_resource_group.rg",
                        "azurerm_subnet.untrust"
                    ],
                    "primary": {
                        "id": "/subscriptions/954c5e98-51c5-4327-869c-863c1561a795/resourceGroups/dstanic-dev-test-latest/providers/Microsoft.Network/networkInterfaces/fw2-untrust-nic",
                        "attributes": {
                            "applied_dns_servers.#": "0",
                            "dns_servers.#": "0",
                            "enable_accelerated_networking": "false",
                            "enable_ip_forwarding": "true",
                            "id": "/subscriptions/954c5e98-51c5-4327-869c-863c1561a795/resourceGroups/dstanic-dev-test-latest/providers/Microsoft.Network/networkInterfaces/fw2-untrust-nic",
                            "internal_dns_name_label": "",
                            "internal_fqdn": "",
                            "ip_configuration.#": "1",
                            "ip_configuration.0.application_gateway_backend_address_pools_ids.#": "0",
                            "ip_configuration.0.application_security_group_ids.#": "0",
                            "ip_configuration.0.load_balancer_backend_address_pools_ids.#": "1",
                            "ip_configuration.0.load_balancer_backend_address_pools_ids.749718858": "/subscriptions/954c5e98-51c5-4327-869c-863c1561a795/resourceGroups/dstanic-dev-test-latest/providers/Microsoft.Network/loadBalancers/Public-LB/backendAddressPools/fw-untrust-backend-pool",
                            "ip_configuration.0.load_balancer_inbound_nat_rules_ids.#": "0",
                            "ip_configuration.0.name": "ipconfig1",
                            "ip_configuration.0.primary": "true",
                            "ip_configuration.0.private_ip_address": "10.0.1.5",
                            "ip_configuration.0.private_ip_address_allocation": "static",
                            "ip_configuration.0.private_ip_address_version": "IPv4",
                            "ip_configuration.0.public_ip_address_id": "/subscriptions/954c5e98-51c5-4327-869c-863c1561a795/resourceGroups/dstanic-dev-test-latest/providers/Microsoft.Network/publicIPAddresses/fw2-untrust-pip",
                            "ip_configuration.0.subnet_id": "/subscriptions/954c5e98-51c5-4327-869c-863c1561a795/resourceGroups/dstanic-dev-test-latest/providers/Microsoft.Network/virtualNetworks/Hub-VNET/subnets/untrust",
                            "location": "westeurope",
                            "mac_address": "",
                            "name": "fw2-untrust-nic",
                            "network_security_group_id": "/subscriptions/954c5e98-51c5-4327-869c-863c1561a795/resourceGroups/dstanic-dev-test-latest/providers/Microsoft.Network/networkSecurityGroups/allow-all-security-group",
                            "private_ip_address": "10.0.1.5",
                            "private_ip_addresses.#": "1",
                            "private_ip_addresses.0": "10.0.1.5",
                            "resource_group_name": "dstanic-dev-test-latest",
                            "tags.%": "0"
                        },
                        "meta": {},
                        "tainted": false
                    },
                    "deposed": [],
                    "provider": "provider.azurerm"
                },
                "azurerm_network_interface.fw2nic2": {
                    "type": "azurerm_network_interface",
                    "depends_on": [
                        "azurerm_lb_backend_address_pool.egresslbbackend",
                        "azurerm_network_security_group.sg",
                        "azurerm_resource_group.rg",
                        "azurerm_subnet.trust"
                    ],
                    "primary": {
                        "id": "/subscriptions/954c5e98-51c5-4327-869c-863c1561a795/resourceGroups/dstanic-dev-test-latest/providers/Microsoft.Network/networkInterfaces/fw2-trust-nic",
                        "attributes": {
                            "applied_dns_servers.#": "0",
                            "dns_servers.#": "0",
                            "enable_accelerated_networking": "false",
                            "enable_ip_forwarding": "true",
                            "id": "/subscriptions/954c5e98-51c5-4327-869c-863c1561a795/resourceGroups/dstanic-dev-test-latest/providers/Microsoft.Network/networkInterfaces/fw2-trust-nic",
                            "internal_dns_name_label": "",
                            "internal_fqdn": "",
                            "ip_configuration.#": "1",
                            "ip_configuration.0.application_gateway_backend_address_pools_ids.#": "0",
                            "ip_configuration.0.application_security_group_ids.#": "0",
                            "ip_configuration.0.load_balancer_backend_address_pools_ids.#": "1",
                            "ip_configuration.0.load_balancer_backend_address_pools_ids.2948158890": "/subscriptions/954c5e98-51c5-4327-869c-863c1561a795/resourceGroups/dstanic-dev-test-latest/providers/Microsoft.Network/loadBalancers/Internal-LB/backendAddressPools/fw-trust-backend-pool",
                            "ip_configuration.0.load_balancer_inbound_nat_rules_ids.#": "0",
                            "ip_configuration.0.name": "ipconfig1",
                            "ip_configuration.0.primary": "true",
                            "ip_configuration.0.private_ip_address": "10.0.2.5",
                            "ip_configuration.0.private_ip_address_allocation": "static",
                            "ip_configuration.0.private_ip_address_version": "IPv4",
                            "ip_configuration.0.public_ip_address_id": "",
                            "ip_configuration.0.subnet_id": "/subscriptions/954c5e98-51c5-4327-869c-863c1561a795/resourceGroups/dstanic-dev-test-latest/providers/Microsoft.Network/virtualNetworks/Hub-VNET/subnets/trust",
                            "location": "westeurope",
                            "mac_address": "",
                            "name": "fw2-trust-nic",
                            "network_security_group_id": "/subscriptions/954c5e98-51c5-4327-869c-863c1561a795/resourceGroups/dstanic-dev-test-latest/providers/Microsoft.Network/networkSecurityGroups/allow-all-security-group",
                            "private_ip_address": "10.0.2.5",
                            "private_ip_addresses.#": "1",
                            "private_ip_addresses.0": "10.0.2.5",
                            "resource_group_name": "dstanic-dev-test-latest",
                            "tags.%": "0"
                        },
                        "meta": {},
                        "tainted": false
                    },
                    "deposed": [],
                    "provider": "provider.azurerm"
                },
                "azurerm_network_interface.spoke1-dev01-nic0": {
                    "type": "azurerm_network_interface",
                    "depends_on": [
                        "azurerm_resource_group.rg",
                        "azurerm_subnet.dev"
                    ],
                    "primary": {
                        "id": "/subscriptions/954c5e98-51c5-4327-869c-863c1561a795/resourceGroups/dstanic-dev-test-latest/providers/Microsoft.Network/networkInterfaces/dev1-nic0",
                        "attributes": {
                            "applied_dns_servers.#": "0",
                            "dns_servers.#": "0",
                            "enable_accelerated_networking": "false",
                            "enable_ip_forwarding": "false",
                            "id": "/subscriptions/954c5e98-51c5-4327-869c-863c1561a795/resourceGroups/dstanic-dev-test-latest/providers/Microsoft.Network/networkInterfaces/dev1-nic0",
                            "internal_dns_name_label": "",
                            "internal_fqdn": "",
                            "ip_configuration.#": "1",
                            "ip_configuration.0.application_gateway_backend_address_pools_ids.#": "0",
                            "ip_configuration.0.application_security_group_ids.#": "0",
                            "ip_configuration.0.load_balancer_backend_address_pools_ids.#": "0",
                            "ip_configuration.0.load_balancer_inbound_nat_rules_ids.#": "0",
                            "ip_configuration.0.name": "ipconfig1",
                            "ip_configuration.0.primary": "true",
                            "ip_configuration.0.private_ip_address": "",
                            "ip_configuration.0.private_ip_address_allocation": "dynamic",
                            "ip_configuration.0.private_ip_address_version": "IPv4",
                            "ip_configuration.0.public_ip_address_id": "",
                            "ip_configuration.0.subnet_id": "/subscriptions/954c5e98-51c5-4327-869c-863c1561a795/resourceGroups/dstanic-dev-test-latest/providers/Microsoft.Network/virtualNetworks/Spoke1-VNET/subnets/dev",
                            "location": "westeurope",
                            "mac_address": "",
                            "name": "dev1-nic0",
                            "network_security_group_id": "",
                            "private_ip_address": "10.1.3.4",
                            "private_ip_addresses.#": "1",
                            "private_ip_addresses.0": "10.1.3.4",
                            "resource_group_name": "dstanic-dev-test-latest",
                            "tags.%": "0"
                        },
                        "meta": {},
                        "tainted": false
                    },
                    "deposed": [],
                    "provider": "provider.azurerm"
                },
                "azurerm_network_interface.spoke1-web-nic0": {
                    "type": "azurerm_network_interface",
                    "depends_on": [
                        "azurerm_resource_group.rg",
                        "azurerm_subnet.web"
                    ],
                    "primary": {
                        "id": "/subscriptions/954c5e98-51c5-4327-869c-863c1561a795/resourceGroups/dstanic-dev-test-latest/providers/Microsoft.Network/networkInterfaces/web1-nic0",
                        "attributes": {
                            "applied_dns_servers.#": "0",
                            "dns_servers.#": "0",
                            "enable_accelerated_networking": "false",
                            "enable_ip_forwarding": "false",
                            "id": "/subscriptions/954c5e98-51c5-4327-869c-863c1561a795/resourceGroups/dstanic-dev-test-latest/providers/Microsoft.Network/networkInterfaces/web1-nic0",
                            "internal_dns_name_label": "",
                            "internal_fqdn": "",
                            "ip_configuration.#": "1",
                            "ip_configuration.0.application_gateway_backend_address_pools_ids.#": "0",
                            "ip_configuration.0.application_security_group_ids.#": "0",
                            "ip_configuration.0.load_balancer_backend_address_pools_ids.#": "0",
                            "ip_configuration.0.load_balancer_inbound_nat_rules_ids.#": "0",
                            "ip_configuration.0.name": "ipconfig1",
                            "ip_configuration.0.primary": "true",
                            "ip_configuration.0.private_ip_address": "",
                            "ip_configuration.0.private_ip_address_allocation": "dynamic",
                            "ip_configuration.0.private_ip_address_version": "IPv4",
                            "ip_configuration.0.public_ip_address_id": "",
                            "ip_configuration.0.subnet_id": "/subscriptions/954c5e98-51c5-4327-869c-863c1561a795/resourceGroups/dstanic-dev-test-latest/providers/Microsoft.Network/virtualNetworks/Spoke1-VNET/subnets/web",
                            "location": "westeurope",
                            "mac_address": "",
                            "name": "web1-nic0",
                            "network_security_group_id": "",
                            "private_ip_address": "10.1.0.4",
                            "private_ip_addresses.#": "1",
                            "private_ip_addresses.0": "10.1.0.4",
                            "resource_group_name": "dstanic-dev-test-latest",
                            "tags.%": "0"
                        },
                        "meta": {},
                        "tainted": false
                    },
                    "deposed": [],
                    "provider": "provider.azurerm"
                },
                "azurerm_network_security_group.sg": {
                    "type": "azurerm_network_security_group",
                    "depends_on": [
                        "azurerm_resource_group.rg"
                    ],
                    "primary": {
                        "id": "/subscriptions/954c5e98-51c5-4327-869c-863c1561a795/resourceGroups/dstanic-dev-test-latest/providers/Microsoft.Network/networkSecurityGroups/allow-all-security-group",
                        "attributes": {
                            "id": "/subscriptions/954c5e98-51c5-4327-869c-863c1561a795/resourceGroups/dstanic-dev-test-latest/providers/Microsoft.Network/networkSecurityGroups/allow-all-security-group",
                            "location": "westeurope",
                            "name": "allow-all-security-group",
                            "resource_group_name": "dstanic-dev-test-latest",
                            "security_rule.#": "2",
                            "security_rule.1179860906.access": "Allow",
                            "security_rule.1179860906.description": "",
                            "security_rule.1179860906.destination_address_prefix": "*",
                            "security_rule.1179860906.destination_address_prefixes.#": "0",
                            "security_rule.1179860906.destination_application_security_group_ids.#": "0",
                            "security_rule.1179860906.destination_port_range": "*",
                            "security_rule.1179860906.destination_port_ranges.#": "0",
                            "security_rule.1179860906.direction": "Inbound",
                            "security_rule.1179860906.name": "allow-all-inbound",
                            "security_rule.1179860906.priority": "100",
                            "security_rule.1179860906.protocol": "*",
                            "security_rule.1179860906.source_address_prefix": "*",
                            "security_rule.1179860906.source_address_prefixes.#": "0",
                            "security_rule.1179860906.source_application_security_group_ids.#": "0",
                            "security_rule.1179860906.source_port_range": "*",
                            "security_rule.1179860906.source_port_ranges.#": "0",
                            "security_rule.31530595.access": "Allow",
                            "security_rule.31530595.description": "",
                            "security_rule.31530595.destination_address_prefix": "*",
                            "security_rule.31530595.destination_address_prefixes.#": "0",
                            "security_rule.31530595.destination_application_security_group_ids.#": "0",
                            "security_rule.31530595.destination_port_range": "*",
                            "security_rule.31530595.destination_port_ranges.#": "0",
                            "security_rule.31530595.direction": "Outbound",
                            "security_rule.31530595.name": "allow-all-outbound",
                            "security_rule.31530595.priority": "100",
                            "security_rule.31530595.protocol": "*",
                            "security_rule.31530595.source_address_prefix": "*",
                            "security_rule.31530595.source_address_prefixes.#": "0",
                            "security_rule.31530595.source_application_security_group_ids.#": "0",
                            "security_rule.31530595.source_port_range": "*",
                            "security_rule.31530595.source_port_ranges.#": "0",
                            "tags.%": "0"
                        },
                        "meta": {},
                        "tainted": false
                    },
                    "deposed": [],
                    "provider": "provider.azurerm"
                },
                "azurerm_public_ip.fw1nic0pip": {
                    "type": "azurerm_public_ip",
                    "depends_on": [
                        "azurerm_resource_group.rg"
                    ],
                    "primary": {
                        "id": "/subscriptions/954c5e98-51c5-4327-869c-863c1561a795/resourceGroups/dstanic-dev-test-latest/providers/Microsoft.Network/publicIPAddresses/fw1-mgmt-pip",
                        "attributes": {
                            "allocation_method": "Static",
                            "id": "/subscriptions/954c5e98-51c5-4327-869c-863c1561a795/resourceGroups/dstanic-dev-test-latest/providers/Microsoft.Network/publicIPAddresses/fw1-mgmt-pip",
                            "idle_timeout_in_minutes": "4",
                            "ip_address": "51.105.176.78",
                            "ip_version": "IPv4",
                            "location": "westeurope",
                            "name": "fw1-mgmt-pip",
                            "public_ip_address_allocation": "Static",
                            "resource_group_name": "dstanic-dev-test-latest",
                            "sku": "Standard",
                            "tags.%": "0",
                            "zones.#": "0"
                        },
                        "meta": {},
                        "tainted": false
                    },
                    "deposed": [],
                    "provider": "provider.azurerm"
                },
                "azurerm_public_ip.fw1nic1pip": {
                    "type": "azurerm_public_ip",
                    "depends_on": [
                        "azurerm_resource_group.rg"
                    ],
                    "primary": {
                        "id": "/subscriptions/954c5e98-51c5-4327-869c-863c1561a795/resourceGroups/dstanic-dev-test-latest/providers/Microsoft.Network/publicIPAddresses/fw1-untrust-pip",
                        "attributes": {
                            "allocation_method": "Static",
                            "id": "/subscriptions/954c5e98-51c5-4327-869c-863c1561a795/resourceGroups/dstanic-dev-test-latest/providers/Microsoft.Network/publicIPAddresses/fw1-untrust-pip",
                            "idle_timeout_in_minutes": "4",
                            "ip_address": "51.105.176.109",
                            "ip_version": "IPv4",
                            "location": "westeurope",
                            "name": "fw1-untrust-pip",
                            "public_ip_address_allocation": "Static",
                            "resource_group_name": "dstanic-dev-test-latest",
                            "sku": "Standard",
                            "tags.%": "0",
                            "zones.#": "0"
                        },
                        "meta": {},
                        "tainted": false
                    },
                    "deposed": [],
                    "provider": "provider.azurerm"
                },
                "azurerm_public_ip.fw2nic0pip": {
                    "type": "azurerm_public_ip",
                    "depends_on": [
                        "azurerm_resource_group.rg"
                    ],
                    "primary": {
                        "id": "/subscriptions/954c5e98-51c5-4327-869c-863c1561a795/resourceGroups/dstanic-dev-test-latest/providers/Microsoft.Network/publicIPAddresses/fw2-mgmt-pip",
                        "attributes": {
                            "allocation_method": "Static",
                            "id": "/subscriptions/954c5e98-51c5-4327-869c-863c1561a795/resourceGroups/dstanic-dev-test-latest/providers/Microsoft.Network/publicIPAddresses/fw2-mgmt-pip",
                            "idle_timeout_in_minutes": "4",
                            "ip_address": "51.105.176.157",
                            "ip_version": "IPv4",
                            "location": "westeurope",
                            "name": "fw2-mgmt-pip",
                            "public_ip_address_allocation": "Static",
                            "resource_group_name": "dstanic-dev-test-latest",
                            "sku": "Standard",
                            "tags.%": "0",
                            "zones.#": "0"
                        },
                        "meta": {},
                        "tainted": false
                    },
                    "deposed": [],
                    "provider": "provider.azurerm"
                },
                "azurerm_public_ip.fw2nic1pip": {
                    "type": "azurerm_public_ip",
                    "depends_on": [
                        "azurerm_resource_group.rg"
                    ],
                    "primary": {
                        "id": "/subscriptions/954c5e98-51c5-4327-869c-863c1561a795/resourceGroups/dstanic-dev-test-latest/providers/Microsoft.Network/publicIPAddresses/fw2-untrust-pip",
                        "attributes": {
                            "allocation_method": "Static",
                            "id": "/subscriptions/954c5e98-51c5-4327-869c-863c1561a795/resourceGroups/dstanic-dev-test-latest/providers/Microsoft.Network/publicIPAddresses/fw2-untrust-pip",
                            "idle_timeout_in_minutes": "4",
                            "ip_address": "51.105.176.104",
                            "ip_version": "IPv4",
                            "location": "westeurope",
                            "name": "fw2-untrust-pip",
                            "public_ip_address_allocation": "Static",
                            "resource_group_name": "dstanic-dev-test-latest",
                            "sku": "Standard",
                            "tags.%": "0",
                            "zones.#": "0"
                        },
                        "meta": {},
                        "tainted": false
                    },
                    "deposed": [],
                    "provider": "provider.azurerm"
                },
                "azurerm_public_ip.publiclbpip": {
                    "type": "azurerm_public_ip",
                    "depends_on": [
                        "azurerm_resource_group.rg"
                    ],
                    "primary": {
                        "id": "/subscriptions/954c5e98-51c5-4327-869c-863c1561a795/resourceGroups/dstanic-dev-test-latest/providers/Microsoft.Network/publicIPAddresses/Public-LB",
                        "attributes": {
                            "allocation_method": "Static",
                            "id": "/subscriptions/954c5e98-51c5-4327-869c-863c1561a795/resourceGroups/dstanic-dev-test-latest/providers/Microsoft.Network/publicIPAddresses/Public-LB",
                            "idle_timeout_in_minutes": "4",
                            "ip_address": "51.105.176.49",
                            "ip_version": "IPv4",
                            "location": "westeurope",
                            "name": "Public-LB",
                            "public_ip_address_allocation": "Static",
                            "resource_group_name": "dstanic-dev-test-latest",
                            "sku": "Standard",
                            "tags.%": "0",
                            "zones.#": "0"
                        },
                        "meta": {},
                        "tainted": false
                    },
                    "deposed": [],
                    "provider": "provider.azurerm"
                },
                "azurerm_resource_group.rg": {
                    "type": "azurerm_resource_group",
                    "depends_on": [],
                    "primary": {
                        "id": "/subscriptions/954c5e98-51c5-4327-869c-863c1561a795/resourceGroups/dstanic-dev-test-latest",
                        "attributes": {
                            "id": "/subscriptions/954c5e98-51c5-4327-869c-863c1561a795/resourceGroups/dstanic-dev-test-latest",
                            "location": "westeurope",
                            "name": "dstanic-dev-test-latest",
                            "tags.%": "0"
                        },
                        "meta": {},
                        "tainted": false
                    },
                    "deposed": [],
                    "provider": "provider.azurerm"
                },
                "azurerm_route_table.rt-devsubnet": {
                    "type": "azurerm_route_table",
                    "depends_on": [
                        "azurerm_resource_group.rg"
                    ],
                    "primary": {
                        "id": "/subscriptions/954c5e98-51c5-4327-869c-863c1561a795/resourceGroups/dstanic-dev-test-latest/providers/Microsoft.Network/routeTables/RT-DevSubnet",
                        "attributes": {
                            "disable_bgp_route_propagation": "false",
                            "id": "/subscriptions/954c5e98-51c5-4327-869c-863c1561a795/resourceGroups/dstanic-dev-test-latest/providers/Microsoft.Network/routeTables/RT-DevSubnet",
                            "location": "westeurope",
                            "name": "RT-DevSubnet",
                            "resource_group_name": "dstanic-dev-test-latest",
                            "route.#": "2",
                            "route.0.address_prefix": "0.0.0.0/0",
                            "route.0.name": "rt-default",
                            "route.0.next_hop_in_ip_address": "10.0.3.100",
                            "route.0.next_hop_type": "VirtualAppliance",
                            "route.1.address_prefix": "10.1.0.0/16",
                            "route.1.name": "rt-spoke1-vnet",
                            "route.1.next_hop_in_ip_address": "10.0.3.100",
                            "route.1.next_hop_type": "VirtualAppliance",
                            "subnets.#": "0",
                            "tags.%": "0"
                        },
                        "meta": {},
                        "tainted": false
                    },
                    "deposed": [],
                    "provider": "provider.azurerm"
                },
                "azurerm_route_table.rt-websubnet": {
                    "type": "azurerm_route_table",
                    "depends_on": [
                        "azurerm_resource_group.rg"
                    ],
                    "primary": {
                        "id": "/subscriptions/954c5e98-51c5-4327-869c-863c1561a795/resourceGroups/dstanic-dev-test-latest/providers/Microsoft.Network/routeTables/RT-WebSubnet",
                        "attributes": {
                            "disable_bgp_route_propagation": "false",
                            "id": "/subscriptions/954c5e98-51c5-4327-869c-863c1561a795/resourceGroups/dstanic-dev-test-latest/providers/Microsoft.Network/routeTables/RT-WebSubnet",
                            "location": "westeurope",
                            "name": "RT-WebSubnet",
                            "resource_group_name": "dstanic-dev-test-latest",
                            "route.#": "2",
                            "route.0.address_prefix": "0.0.0.0/0",
                            "route.0.name": "rt-default",
                            "route.0.next_hop_in_ip_address": "10.0.3.100",
                            "route.0.next_hop_type": "VirtualAppliance",
                            "route.1.address_prefix": "10.1.0.0/16",
                            "route.1.name": "rt-spoke1-vnet",
                            "route.1.next_hop_in_ip_address": "10.0.3.100",
                            "route.1.next_hop_type": "VirtualAppliance",
                            "subnets.#": "0",
                            "tags.%": "0"
                        },
                        "meta": {},
                        "tainted": false
                    },
                    "deposed": [],
                    "provider": "provider.azurerm"
                },
                "azurerm_subnet.app": {
                    "type": "azurerm_subnet",
                    "depends_on": [
                        "azurerm_resource_group.rg",
                        "azurerm_virtual_network.VNET2"
                    ],
                    "primary": {
                        "id": "/subscriptions/954c5e98-51c5-4327-869c-863c1561a795/resourceGroups/dstanic-dev-test-latest/providers/Microsoft.Network/virtualNetworks/Spoke1-VNET/subnets/app",
                        "attributes": {
                            "address_prefix": "10.1.1.0/24",
                            "delegation.#": "0",
                            "id": "/subscriptions/954c5e98-51c5-4327-869c-863c1561a795/resourceGroups/dstanic-dev-test-latest/providers/Microsoft.Network/virtualNetworks/Spoke1-VNET/subnets/app",
                            "ip_configurations.#": "0",
                            "name": "app",
                            "network_security_group_id": "",
                            "resource_group_name": "dstanic-dev-test-latest",
                            "route_table_id": "",
                            "service_endpoints.#": "0",
                            "virtual_network_name": "Spoke1-VNET"
                        },
                        "meta": {},
                        "tainted": false
                    },
                    "deposed": [],
                    "provider": "provider.azurerm"
                },
                "azurerm_subnet.db": {
                    "type": "azurerm_subnet",
                    "depends_on": [
                        "azurerm_resource_group.rg",
                        "azurerm_virtual_network.VNET2"
                    ],
                    "primary": {
                        "id": "/subscriptions/954c5e98-51c5-4327-869c-863c1561a795/resourceGroups/dstanic-dev-test-latest/providers/Microsoft.Network/virtualNetworks/Spoke1-VNET/subnets/db",
                        "attributes": {
                            "address_prefix": "10.1.2.0/24",
                            "delegation.#": "0",
                            "id": "/subscriptions/954c5e98-51c5-4327-869c-863c1561a795/resourceGroups/dstanic-dev-test-latest/providers/Microsoft.Network/virtualNetworks/Spoke1-VNET/subnets/db",
                            "ip_configurations.#": "0",
                            "name": "db",
                            "network_security_group_id": "",
                            "resource_group_name": "dstanic-dev-test-latest",
                            "route_table_id": "",
                            "service_endpoints.#": "0",
                            "virtual_network_name": "Spoke1-VNET"
                        },
                        "meta": {},
                        "tainted": false
                    },
                    "deposed": [],
                    "provider": "provider.azurerm"
                },
                "azurerm_subnet.dev": {
                    "type": "azurerm_subnet",
                    "depends_on": [
                        "azurerm_resource_group.rg",
                        "azurerm_virtual_network.VNET2"
                    ],
                    "primary": {
                        "id": "/subscriptions/954c5e98-51c5-4327-869c-863c1561a795/resourceGroups/dstanic-dev-test-latest/providers/Microsoft.Network/virtualNetworks/Spoke1-VNET/subnets/dev",
                        "attributes": {
                            "address_prefix": "10.1.3.0/24",
                            "delegation.#": "0",
                            "id": "/subscriptions/954c5e98-51c5-4327-869c-863c1561a795/resourceGroups/dstanic-dev-test-latest/providers/Microsoft.Network/virtualNetworks/Spoke1-VNET/subnets/dev",
                            "ip_configurations.#": "0",
                            "name": "dev",
                            "network_security_group_id": "",
                            "resource_group_name": "dstanic-dev-test-latest",
                            "route_table_id": "",
                            "service_endpoints.#": "0",
                            "virtual_network_name": "Spoke1-VNET"
                        },
                        "meta": {},
                        "tainted": false
                    },
                    "deposed": [],
                    "provider": "provider.azurerm"
                },
                "azurerm_subnet.fw-management": {
                    "type": "azurerm_subnet",
                    "depends_on": [
                        "azurerm_resource_group.rg",
                        "azurerm_virtual_network.VNET1"
                    ],
                    "primary": {
                        "id": "/subscriptions/954c5e98-51c5-4327-869c-863c1561a795/resourceGroups/dstanic-dev-test-latest/providers/Microsoft.Network/virtualNetworks/Hub-VNET/subnets/fw-management",
                        "attributes": {
                            "address_prefix": "10.0.0.0/24",
                            "delegation.#": "0",
                            "id": "/subscriptions/954c5e98-51c5-4327-869c-863c1561a795/resourceGroups/dstanic-dev-test-latest/providers/Microsoft.Network/virtualNetworks/Hub-VNET/subnets/fw-management",
                            "ip_configurations.#": "0",
                            "name": "fw-management",
                            "network_security_group_id": "",
                            "resource_group_name": "dstanic-dev-test-latest",
                            "route_table_id": "",
                            "service_endpoints.#": "0",
                            "virtual_network_name": "Hub-VNET"
                        },
                        "meta": {},
                        "tainted": false
                    },
                    "deposed": [],
                    "provider": "provider.azurerm"
                },
                "azurerm_subnet.lb-subnet": {
                    "type": "azurerm_subnet",
                    "depends_on": [
                        "azurerm_resource_group.rg",
                        "azurerm_virtual_network.VNET1"
                    ],
                    "primary": {
                        "id": "/subscriptions/954c5e98-51c5-4327-869c-863c1561a795/resourceGroups/dstanic-dev-test-latest/providers/Microsoft.Network/virtualNetworks/Hub-VNET/subnets/lb-subnet",
                        "attributes": {
                            "address_prefix": "10.0.3.0/24",
                            "delegation.#": "0",
                            "id": "/subscriptions/954c5e98-51c5-4327-869c-863c1561a795/resourceGroups/dstanic-dev-test-latest/providers/Microsoft.Network/virtualNetworks/Hub-VNET/subnets/lb-subnet",
                            "ip_configurations.#": "0",
                            "name": "lb-subnet",
                            "network_security_group_id": "",
                            "resource_group_name": "dstanic-dev-test-latest",
                            "route_table_id": "",
                            "service_endpoints.#": "0",
                            "virtual_network_name": "Hub-VNET"
                        },
                        "meta": {},
                        "tainted": false
                    },
                    "deposed": [],
                    "provider": "provider.azurerm"
                },
                "azurerm_subnet.trust": {
                    "type": "azurerm_subnet",
                    "depends_on": [
                        "azurerm_resource_group.rg",
                        "azurerm_virtual_network.VNET1"
                    ],
                    "primary": {
                        "id": "/subscriptions/954c5e98-51c5-4327-869c-863c1561a795/resourceGroups/dstanic-dev-test-latest/providers/Microsoft.Network/virtualNetworks/Hub-VNET/subnets/trust",
                        "attributes": {
                            "address_prefix": "10.0.2.0/24",
                            "delegation.#": "0",
                            "id": "/subscriptions/954c5e98-51c5-4327-869c-863c1561a795/resourceGroups/dstanic-dev-test-latest/providers/Microsoft.Network/virtualNetworks/Hub-VNET/subnets/trust",
                            "ip_configurations.#": "0",
                            "name": "trust",
                            "network_security_group_id": "",
                            "resource_group_name": "dstanic-dev-test-latest",
                            "route_table_id": "",
                            "service_endpoints.#": "0",
                            "virtual_network_name": "Hub-VNET"
                        },
                        "meta": {},
                        "tainted": false
                    },
                    "deposed": [],
                    "provider": "provider.azurerm"
                },
                "azurerm_subnet.untrust": {
                    "type": "azurerm_subnet",
                    "depends_on": [
                        "azurerm_resource_group.rg",
                        "azurerm_virtual_network.VNET1"
                    ],
                    "primary": {
                        "id": "/subscriptions/954c5e98-51c5-4327-869c-863c1561a795/resourceGroups/dstanic-dev-test-latest/providers/Microsoft.Network/virtualNetworks/Hub-VNET/subnets/untrust",
                        "attributes": {
                            "address_prefix": "10.0.1.0/24",
                            "delegation.#": "0",
                            "id": "/subscriptions/954c5e98-51c5-4327-869c-863c1561a795/resourceGroups/dstanic-dev-test-latest/providers/Microsoft.Network/virtualNetworks/Hub-VNET/subnets/untrust",
                            "ip_configurations.#": "0",
                            "name": "untrust",
                            "network_security_group_id": "",
                            "resource_group_name": "dstanic-dev-test-latest",
                            "route_table_id": "",
                            "service_endpoints.#": "0",
                            "virtual_network_name": "Hub-VNET"
                        },
                        "meta": {},
                        "tainted": false
                    },
                    "deposed": [],
                    "provider": "provider.azurerm"
                },
                "azurerm_subnet.web": {
                    "type": "azurerm_subnet",
                    "depends_on": [
                        "azurerm_resource_group.rg",
                        "azurerm_virtual_network.VNET2"
                    ],
                    "primary": {
                        "id": "/subscriptions/954c5e98-51c5-4327-869c-863c1561a795/resourceGroups/dstanic-dev-test-latest/providers/Microsoft.Network/virtualNetworks/Spoke1-VNET/subnets/web",
                        "attributes": {
                            "address_prefix": "10.1.0.0/24",
                            "delegation.#": "0",
                            "id": "/subscriptions/954c5e98-51c5-4327-869c-863c1561a795/resourceGroups/dstanic-dev-test-latest/providers/Microsoft.Network/virtualNetworks/Spoke1-VNET/subnets/web",
                            "ip_configurations.#": "0",
                            "name": "web",
                            "network_security_group_id": "",
                            "resource_group_name": "dstanic-dev-test-latest",
                            "route_table_id": "",
                            "service_endpoints.#": "0",
                            "virtual_network_name": "Spoke1-VNET"
                        },
                        "meta": {},
                        "tainted": false
                    },
                    "deposed": [],
                    "provider": "provider.azurerm"
                },
                "azurerm_subnet_route_table_association.rta-dev": {
                    "type": "azurerm_subnet_route_table_association",
                    "depends_on": [
                        "azurerm_route_table.rt-devsubnet",
                        "azurerm_subnet.dev"
                    ],
                    "primary": {
                        "id": "/subscriptions/954c5e98-51c5-4327-869c-863c1561a795/resourceGroups/dstanic-dev-test-latest/providers/Microsoft.Network/virtualNetworks/Spoke1-VNET/subnets/dev",
                        "attributes": {
                            "id": "/subscriptions/954c5e98-51c5-4327-869c-863c1561a795/resourceGroups/dstanic-dev-test-latest/providers/Microsoft.Network/virtualNetworks/Spoke1-VNET/subnets/dev",
                            "route_table_id": "/subscriptions/954c5e98-51c5-4327-869c-863c1561a795/resourceGroups/dstanic-dev-test-latest/providers/Microsoft.Network/routeTables/RT-DevSubnet",
                            "subnet_id": "/subscriptions/954c5e98-51c5-4327-869c-863c1561a795/resourceGroups/dstanic-dev-test-latest/providers/Microsoft.Network/virtualNetworks/Spoke1-VNET/subnets/dev"
                        },
                        "meta": {},
                        "tainted": false
                    },
                    "deposed": [],
                    "provider": "provider.azurerm"
                },
                "azurerm_subnet_route_table_association.rta-web": {
                    "type": "azurerm_subnet_route_table_association",
                    "depends_on": [
                        "azurerm_route_table.rt-websubnet",
                        "azurerm_subnet.web",
                        "azurerm_virtual_machine.spoke1-web",
                        "azurerm_virtual_machine.vmfw1",
                        "azurerm_virtual_machine.vmfw2"
                    ],
                    "primary": {
                        "id": "/subscriptions/954c5e98-51c5-4327-869c-863c1561a795/resourceGroups/dstanic-dev-test-latest/providers/Microsoft.Network/virtualNetworks/Spoke1-VNET/subnets/web",
                        "attributes": {
                            "id": "/subscriptions/954c5e98-51c5-4327-869c-863c1561a795/resourceGroups/dstanic-dev-test-latest/providers/Microsoft.Network/virtualNetworks/Spoke1-VNET/subnets/web",
                            "route_table_id": "/subscriptions/954c5e98-51c5-4327-869c-863c1561a795/resourceGroups/dstanic-dev-test-latest/providers/Microsoft.Network/routeTables/RT-WebSubnet",
                            "subnet_id": "/subscriptions/954c5e98-51c5-4327-869c-863c1561a795/resourceGroups/dstanic-dev-test-latest/providers/Microsoft.Network/virtualNetworks/Spoke1-VNET/subnets/web"
                        },
                        "meta": {},
                        "tainted": false
                    },
                    "deposed": [],
                    "provider": "provider.azurerm"
                },
                "azurerm_virtual_machine.spoke1-dev01": {
                    "type": "azurerm_virtual_machine",
                    "depends_on": [
                        "azurerm_network_interface.spoke1-dev01-nic0",
                        "azurerm_resource_group.rg"
                    ],
                    "primary": {
                        "id": "/subscriptions/954c5e98-51c5-4327-869c-863c1561a795/resourceGroups/dstanic-dev-test-latest/providers/Microsoft.Compute/virtualMachines/Dev1",
                        "attributes": {
                            "delete_data_disks_on_termination": "true",
                            "delete_os_disk_on_termination": "true",
                            "id": "/subscriptions/954c5e98-51c5-4327-869c-863c1561a795/resourceGroups/dstanic-dev-test-latest/providers/Microsoft.Compute/virtualMachines/Dev1",
                            "identity.#": "0",
                            "location": "westeurope",
                            "name": "Dev1",
                            "network_interface_ids.#": "1",
                            "network_interface_ids.0": "/subscriptions/954c5e98-51c5-4327-869c-863c1561a795/resourceGroups/dstanic-dev-test-latest/providers/Microsoft.Network/networkInterfaces/dev1-nic0",
                            "os_profile.#": "1",
                            "os_profile.504665283.admin_password": "",
                            "os_profile.504665283.admin_username": "paloalto",
                            "os_profile.504665283.computer_name": "Dev1",
                            "os_profile.504665283.custom_data": "",
                            "os_profile_linux_config.#": "1",
                            "os_profile_linux_config.2972667452.disable_password_authentication": "false",
                            "os_profile_linux_config.2972667452.ssh_keys.#": "0",
                            "os_profile_secrets.#": "0",
                            "os_profile_windows_config.#": "0",
                            "plan.#": "0",
                            "resource_group_name": "dstanic-dev-test-latest",
                            "storage_data_disk.#": "0",
                            "storage_image_reference.#": "1",
                            "storage_image_reference.1458860473.id": "",
                            "storage_image_reference.1458860473.offer": "UbuntuServer",
                            "storage_image_reference.1458860473.publisher": "Canonical",
                            "storage_image_reference.1458860473.sku": "16.04-LTS",
                            "storage_image_reference.1458860473.version": "latest",
                            "storage_os_disk.#": "1",
                            "storage_os_disk.0.caching": "ReadWrite",
                            "storage_os_disk.0.create_option": "FromImage",
                            "storage_os_disk.0.disk_size_gb": "30",
                            "storage_os_disk.0.image_uri": "",
                            "storage_os_disk.0.managed_disk_id": "/subscriptions/954c5e98-51c5-4327-869c-863c1561a795/resourceGroups/dstanic-dev-test-latest/providers/Microsoft.Compute/disks/osdiskdev1",
                            "storage_os_disk.0.managed_disk_type": "Standard_LRS",
                            "storage_os_disk.0.name": "osdiskdev1",
                            "storage_os_disk.0.os_type": "Linux",
                            "storage_os_disk.0.vhd_uri": "",
                            "storage_os_disk.0.write_accelerator_enabled": "false",
                            "tags.%": "0",
                            "vm_size": "Standard_DS1_v2",
                            "zones.#": "0"
                        },
                        "meta": {},
                        "tainted": false
                    },
                    "deposed": [],
                    "provider": "provider.azurerm"
                },
                "azurerm_virtual_machine.spoke1-web": {
                    "type": "azurerm_virtual_machine",
                    "depends_on": [
                        "azurerm_network_interface.spoke1-web-nic0",
                        "azurerm_resource_group.rg",
                        "data.template_file.web1_config"
                    ],
                    "primary": {
                        "id": "/subscriptions/954c5e98-51c5-4327-869c-863c1561a795/resourceGroups/dstanic-dev-test-latest/providers/Microsoft.Compute/virtualMachines/Web1",
                        "attributes": {
                            "delete_data_disks_on_termination": "true",
                            "delete_os_disk_on_termination": "true",
                            "id": "/subscriptions/954c5e98-51c5-4327-869c-863c1561a795/resourceGroups/dstanic-dev-test-latest/providers/Microsoft.Compute/virtualMachines/Web1",
                            "identity.#": "0",
                            "location": "westeurope",
                            "name": "Web1",
                            "network_interface_ids.#": "1",
                            "network_interface_ids.0": "/subscriptions/954c5e98-51c5-4327-869c-863c1561a795/resourceGroups/dstanic-dev-test-latest/providers/Microsoft.Network/networkInterfaces/web1-nic0",
                            "os_profile.#": "1",
                            "os_profile.578515517.admin_password": "",
                            "os_profile.578515517.admin_username": "paloalto",
                            "os_profile.578515517.computer_name": "Web1",
                            "os_profile.578515517.custom_data": "",
                            "os_profile_linux_config.#": "1",
                            "os_profile_linux_config.2972667452.disable_password_authentication": "false",
                            "os_profile_linux_config.2972667452.ssh_keys.#": "0",
                            "os_profile_secrets.#": "0",
                            "os_profile_windows_config.#": "0",
                            "plan.#": "0",
                            "resource_group_name": "dstanic-dev-test-latest",
                            "storage_data_disk.#": "0",
                            "storage_image_reference.#": "1",
                            "storage_image_reference.1458860473.id": "",
                            "storage_image_reference.1458860473.offer": "UbuntuServer",
                            "storage_image_reference.1458860473.publisher": "Canonical",
                            "storage_image_reference.1458860473.sku": "16.04-LTS",
                            "storage_image_reference.1458860473.version": "latest",
                            "storage_os_disk.#": "1",
                            "storage_os_disk.0.caching": "ReadWrite",
                            "storage_os_disk.0.create_option": "FromImage",
                            "storage_os_disk.0.disk_size_gb": "30",
                            "storage_os_disk.0.image_uri": "",
                            "storage_os_disk.0.managed_disk_id": "/subscriptions/954c5e98-51c5-4327-869c-863c1561a795/resourceGroups/dstanic-dev-test-latest/providers/Microsoft.Compute/disks/osdiskweb1",
                            "storage_os_disk.0.managed_disk_type": "Standard_LRS",
                            "storage_os_disk.0.name": "osdiskweb1",
                            "storage_os_disk.0.os_type": "Linux",
                            "storage_os_disk.0.vhd_uri": "",
                            "storage_os_disk.0.write_accelerator_enabled": "false",
                            "tags.%": "0",
                            "vm_size": "Standard_DS1_v2",
                            "zones.#": "0"
                        },
                        "meta": {},
                        "tainted": false
                    },
                    "deposed": [],
                    "provider": "provider.azurerm"
                },
                "azurerm_virtual_machine.vmfw1": {
                    "type": "azurerm_virtual_machine",
                    "depends_on": [
                        "azurerm_availability_set.fwavset",
                        "azurerm_network_interface.fw1nic0",
                        "azurerm_network_interface.fw1nic1",
                        "azurerm_network_interface.fw1nic2",
                        "azurerm_resource_group.rg"
                    ],
                    "primary": {
                        "id": "/subscriptions/954c5e98-51c5-4327-869c-863c1561a795/resourceGroups/dstanic-dev-test-latest/providers/Microsoft.Compute/virtualMachines/VM-FW1",
                        "attributes": {
                            "availability_set_id": "/subscriptions/954c5e98-51c5-4327-869c-863c1561a795/resourcegroups/dstanic-dev-test-latest/providers/microsoft.compute/availabilitysets/fw-av-set",
                            "delete_data_disks_on_termination": "false",
                            "delete_os_disk_on_termination": "false",
                            "id": "/subscriptions/954c5e98-51c5-4327-869c-863c1561a795/resourceGroups/dstanic-dev-test-latest/providers/Microsoft.Compute/virtualMachines/VM-FW1",
                            "identity.#": "0",
                            "location": "westeurope",
                            "name": "VM-FW1",
                            "network_interface_ids.#": "3",
                            "network_interface_ids.0": "/subscriptions/954c5e98-51c5-4327-869c-863c1561a795/resourceGroups/dstanic-dev-test-latest/providers/Microsoft.Network/networkInterfaces/fw1-mgmt-nic",
                            "network_interface_ids.1": "/subscriptions/954c5e98-51c5-4327-869c-863c1561a795/resourceGroups/dstanic-dev-test-latest/providers/Microsoft.Network/networkInterfaces/fw1-untrust-nic",
                            "network_interface_ids.2": "/subscriptions/954c5e98-51c5-4327-869c-863c1561a795/resourceGroups/dstanic-dev-test-latest/providers/Microsoft.Network/networkInterfaces/fw1-trust-nic",
                            "os_profile.#": "1",
                            "os_profile.773653817.admin_password": "",
                            "os_profile.773653817.admin_username": "paloalto",
                            "os_profile.773653817.computer_name": "VM-FW1",
                            "os_profile.773653817.custom_data": "",
                            "os_profile_linux_config.#": "1",
                            "os_profile_linux_config.2972667452.disable_password_authentication": "false",
                            "os_profile_linux_config.2972667452.ssh_keys.#": "0",
                            "os_profile_secrets.#": "0",
                            "os_profile_windows_config.#": "0",
                            "plan.#": "1",
                            "plan.0.name": "bundle2",
                            "plan.0.product": "vmseries1",
                            "plan.0.publisher": "paloaltonetworks",
                            "primary_network_interface_id": "/subscriptions/954c5e98-51c5-4327-869c-863c1561a795/resourceGroups/dstanic-dev-test-latest/providers/Microsoft.Network/networkInterfaces/fw1-mgmt-nic",
                            "resource_group_name": "dstanic-dev-test-latest",
                            "storage_data_disk.#": "0",
                            "storage_image_reference.#": "1",
                            "storage_image_reference.2706403557.id": "",
                            "storage_image_reference.2706403557.offer": "vmseries1",
                            "storage_image_reference.2706403557.publisher": "paloaltonetworks",
                            "storage_image_reference.2706403557.sku": "bundle2",
                            "storage_image_reference.2706403557.version": "latest",
                            "storage_os_disk.#": "1",
                            "storage_os_disk.0.caching": "ReadWrite",
                            "storage_os_disk.0.create_option": "FromImage",
                            "storage_os_disk.0.disk_size_gb": "60",
                            "storage_os_disk.0.image_uri": "",
                            "storage_os_disk.0.managed_disk_id": "/subscriptions/954c5e98-51c5-4327-869c-863c1561a795/resourceGroups/dstanic-dev-test-latest/providers/Microsoft.Compute/disks/VM-FW1-osdisk",
                            "storage_os_disk.0.managed_disk_type": "Standard_LRS",
                            "storage_os_disk.0.name": "VM-FW1-osdisk",
                            "storage_os_disk.0.os_type": "Linux",
                            "storage_os_disk.0.vhd_uri": "",
                            "storage_os_disk.0.write_accelerator_enabled": "false",
                            "tags.%": "0",
                            "vm_size": "Standard_DS3_v2",
                            "zones.#": "0"
                        },
                        "meta": {},
                        "tainted": false
                    },
                    "deposed": [],
                    "provider": "provider.azurerm"
                },
                "azurerm_virtual_machine.vmfw2": {
                    "type": "azurerm_virtual_machine",
                    "depends_on": [
                        "azurerm_availability_set.fwavset",
                        "azurerm_network_interface.fw2nic0",
                        "azurerm_network_interface.fw2nic1",
                        "azurerm_network_interface.fw2nic2",
                        "azurerm_resource_group.rg"
                    ],
                    "primary": {
                        "id": "/subscriptions/954c5e98-51c5-4327-869c-863c1561a795/resourceGroups/dstanic-dev-test-latest/providers/Microsoft.Compute/virtualMachines/VM-FW2",
                        "attributes": {
                            "availability_set_id": "/subscriptions/954c5e98-51c5-4327-869c-863c1561a795/resourcegroups/dstanic-dev-test-latest/providers/microsoft.compute/availabilitysets/fw-av-set",
                            "delete_data_disks_on_termination": "false",
                            "delete_os_disk_on_termination": "false",
                            "id": "/subscriptions/954c5e98-51c5-4327-869c-863c1561a795/resourceGroups/dstanic-dev-test-latest/providers/Microsoft.Compute/virtualMachines/VM-FW2",
                            "identity.#": "0",
                            "location": "westeurope",
                            "name": "VM-FW2",
                            "network_interface_ids.#": "3",
                            "network_interface_ids.0": "/subscriptions/954c5e98-51c5-4327-869c-863c1561a795/resourceGroups/dstanic-dev-test-latest/providers/Microsoft.Network/networkInterfaces/fw2-mgmt-nic",
                            "network_interface_ids.1": "/subscriptions/954c5e98-51c5-4327-869c-863c1561a795/resourceGroups/dstanic-dev-test-latest/providers/Microsoft.Network/networkInterfaces/fw2-untrust-nic",
                            "network_interface_ids.2": "/subscriptions/954c5e98-51c5-4327-869c-863c1561a795/resourceGroups/dstanic-dev-test-latest/providers/Microsoft.Network/networkInterfaces/fw2-trust-nic",
                            "os_profile.#": "1",
                            "os_profile.87054074.admin_password": "",
                            "os_profile.87054074.admin_username": "paloalto",
                            "os_profile.87054074.computer_name": "VM-FW2",
                            "os_profile.87054074.custom_data": "",
                            "os_profile_linux_config.#": "1",
                            "os_profile_linux_config.2972667452.disable_password_authentication": "false",
                            "os_profile_linux_config.2972667452.ssh_keys.#": "0",
                            "os_profile_secrets.#": "0",
                            "os_profile_windows_config.#": "0",
                            "plan.#": "1",
                            "plan.0.name": "bundle2",
                            "plan.0.product": "vmseries1",
                            "plan.0.publisher": "paloaltonetworks",
                            "primary_network_interface_id": "/subscriptions/954c5e98-51c5-4327-869c-863c1561a795/resourceGroups/dstanic-dev-test-latest/providers/Microsoft.Network/networkInterfaces/fw2-mgmt-nic",
                            "resource_group_name": "dstanic-dev-test-latest",
                            "storage_data_disk.#": "0",
                            "storage_image_reference.#": "1",
                            "storage_image_reference.2706403557.id": "",
                            "storage_image_reference.2706403557.offer": "vmseries1",
                            "storage_image_reference.2706403557.publisher": "paloaltonetworks",
                            "storage_image_reference.2706403557.sku": "bundle2",
                            "storage_image_reference.2706403557.version": "latest",
                            "storage_os_disk.#": "1",
                            "storage_os_disk.0.caching": "ReadWrite",
                            "storage_os_disk.0.create_option": "FromImage",
                            "storage_os_disk.0.disk_size_gb": "60",
                            "storage_os_disk.0.image_uri": "",
                            "storage_os_disk.0.managed_disk_id": "/subscriptions/954c5e98-51c5-4327-869c-863c1561a795/resourceGroups/dstanic-dev-test-latest/providers/Microsoft.Compute/disks/VM-FW2-osdisk",
                            "storage_os_disk.0.managed_disk_type": "Standard_LRS",
                            "storage_os_disk.0.name": "VM-FW2-osdisk",
                            "storage_os_disk.0.os_type": "Linux",
                            "storage_os_disk.0.vhd_uri": "",
                            "storage_os_disk.0.write_accelerator_enabled": "false",
                            "tags.%": "0",
                            "vm_size": "Standard_DS3_v2",
                            "zones.#": "0"
                        },
                        "meta": {},
                        "tainted": false
                    },
                    "deposed": [],
                    "provider": "provider.azurerm"
                },
                "azurerm_virtual_network.VNET1": {
                    "type": "azurerm_virtual_network",
                    "depends_on": [
                        "azurerm_resource_group.rg"
                    ],
                    "primary": {
                        "id": "/subscriptions/954c5e98-51c5-4327-869c-863c1561a795/resourceGroups/dstanic-dev-test-latest/providers/Microsoft.Network/virtualNetworks/Hub-VNET",
                        "attributes": {
                            "address_space.#": "1",
                            "address_space.0": "10.0.0.0/16",
                            "ddos_protection_plan.#": "0",
                            "dns_servers.#": "2",
                            "dns_servers.0": "8.8.8.8",
                            "dns_servers.1": "8.8.4.4",
                            "id": "/subscriptions/954c5e98-51c5-4327-869c-863c1561a795/resourceGroups/dstanic-dev-test-latest/providers/Microsoft.Network/virtualNetworks/Hub-VNET",
                            "location": "westeurope",
                            "name": "Hub-VNET",
                            "resource_group_name": "dstanic-dev-test-latest",
                            "subnet.#": "0",
                            "tags.%": "0"
                        },
                        "meta": {},
                        "tainted": false
                    },
                    "deposed": [],
                    "provider": "provider.azurerm"
                },
                "azurerm_virtual_network.VNET2": {
                    "type": "azurerm_virtual_network",
                    "depends_on": [
                        "azurerm_resource_group.rg"
                    ],
                    "primary": {
                        "id": "/subscriptions/954c5e98-51c5-4327-869c-863c1561a795/resourceGroups/dstanic-dev-test-latest/providers/Microsoft.Network/virtualNetworks/Spoke1-VNET",
                        "attributes": {
                            "address_space.#": "1",
                            "address_space.0": "10.1.0.0/16",
                            "ddos_protection_plan.#": "0",
                            "dns_servers.#": "2",
                            "dns_servers.0": "8.8.8.8",
                            "dns_servers.1": "8.8.4.4",
                            "id": "/subscriptions/954c5e98-51c5-4327-869c-863c1561a795/resourceGroups/dstanic-dev-test-latest/providers/Microsoft.Network/virtualNetworks/Spoke1-VNET",
                            "location": "westeurope",
                            "name": "Spoke1-VNET",
                            "resource_group_name": "dstanic-dev-test-latest",
                            "subnet.#": "0",
                            "tags.%": "0"
                        },
                        "meta": {},
                        "tainted": false
                    },
                    "deposed": [],
                    "provider": "provider.azurerm"
                },
                "azurerm_virtual_network_peering.peer-vnet1": {
                    "type": "azurerm_virtual_network_peering",
                    "depends_on": [
                        "azurerm_resource_group.rg",
                        "azurerm_virtual_network.VNET1",
                        "azurerm_virtual_network.VNET2"
                    ],
                    "primary": {
                        "id": "/subscriptions/954c5e98-51c5-4327-869c-863c1561a795/resourceGroups/dstanic-dev-test-latest/providers/Microsoft.Network/virtualNetworks/Hub-VNET/virtualNetworkPeerings/Hub-VNet-to-Spoke1-VNet",
                        "attributes": {
                            "allow_forwarded_traffic": "true",
                            "allow_gateway_transit": "false",
                            "allow_virtual_network_access": "true",
                            "id": "/subscriptions/954c5e98-51c5-4327-869c-863c1561a795/resourceGroups/dstanic-dev-test-latest/providers/Microsoft.Network/virtualNetworks/Hub-VNET/virtualNetworkPeerings/Hub-VNet-to-Spoke1-VNet",
                            "name": "Hub-VNet-to-Spoke1-VNet",
                            "remote_virtual_network_id": "/subscriptions/954c5e98-51c5-4327-869c-863c1561a795/resourceGroups/dstanic-dev-test-latest/providers/Microsoft.Network/virtualNetworks/Spoke1-VNET",
                            "resource_group_name": "dstanic-dev-test-latest",
                            "use_remote_gateways": "false",
                            "virtual_network_name": "Hub-VNET"
                        },
                        "meta": {},
                        "tainted": false
                    },
                    "deposed": [],
                    "provider": "provider.azurerm"
                },
                "azurerm_virtual_network_peering.peer-vnet2": {
                    "type": "azurerm_virtual_network_peering",
                    "depends_on": [
                        "azurerm_resource_group.rg",
                        "azurerm_virtual_network.VNET1",
                        "azurerm_virtual_network.VNET2"
                    ],
                    "primary": {
                        "id": "/subscriptions/954c5e98-51c5-4327-869c-863c1561a795/resourceGroups/dstanic-dev-test-latest/providers/Microsoft.Network/virtualNetworks/Spoke1-VNET/virtualNetworkPeerings/Spoke1-VNet-to-Hub-VNet",
                        "attributes": {
                            "allow_forwarded_traffic": "true",
                            "allow_gateway_transit": "false",
                            "allow_virtual_network_access": "true",
                            "id": "/subscriptions/954c5e98-51c5-4327-869c-863c1561a795/resourceGroups/dstanic-dev-test-latest/providers/Microsoft.Network/virtualNetworks/Spoke1-VNET/virtualNetworkPeerings/Spoke1-VNet-to-Hub-VNet",
                            "name": "Spoke1-VNet-to-Hub-VNet",
                            "remote_virtual_network_id": "/subscriptions/954c5e98-51c5-4327-869c-863c1561a795/resourceGroups/dstanic-dev-test-latest/providers/Microsoft.Network/virtualNetworks/Hub-VNET",
                            "resource_group_name": "dstanic-dev-test-latest",
                            "use_remote_gateways": "false",
                            "virtual_network_name": "Spoke1-VNET"
                        },
                        "meta": {},
                        "tainted": false
                    },
                    "deposed": [],
                    "provider": "provider.azurerm"
                },
                "data.template_file.web1_config": {
                    "type": "template_file",
                    "depends_on": [],
                    "primary": {
                        "id": "7e1f91de10fe7b08fc34a623e33f02d53d9e33ad3ded4458289329c3b7206011",
                        "attributes": {
                            "id": "7e1f91de10fe7b08fc34a623e33f02d53d9e33ad3ded4458289329c3b7206011",
                            "rendered": "#cloud-config\n\nruncmd:\n  - sudo apt-get update -y\n  - sudo apt-get install apache2 -y\n  - sudo sed -i 's/#D8DBE2/#4286F4/g' /var/www/html/index.html\n  - sudo sed -i 's/Apache2 Ubuntu Default Page/Spoke Web Server 1/g' /var/www/html/index.html\n  - sudo sed -i 's/It works!/This is showing the Apache page hosted on the Spoke Web Server/g' /var/www/html/index.html\n  - sudo service apache2 restart\n",
                            "template": "#cloud-config\n\nruncmd:\n  - sudo apt-get update -y\n  - sudo apt-get install apache2 -y\n  - sudo sed -i 's/#D8DBE2/#4286F4/g' /var/www/html/index.html\n  - sudo sed -i 's/Apache2 Ubuntu Default Page/Spoke Web Server 1/g' /var/www/html/index.html\n  - sudo sed -i 's/It works!/This is showing the Apache page hosted on the Spoke Web Server/g' /var/www/html/index.html\n  - sudo service apache2 restart\n"
                        },
                        "meta": {},
                        "tainted": false
                    },
                    "deposed": [],
                    "provider": "provider.template"
                }
            },
            "depends_on": []
        }
    ]
}
